
Microsoft Visual Studio Solution File, Format Version 12.00
# Visual Studio Version 16
VisualStudioVersion = 16.0.30611.23
MinimumVisualStudioVersion = 10.0.40219.1
Project("{FAE04EC0-301F-11D3-BF4B-00C04F79EFBC}") = "BamsespilletHHJ", "BamsespilletHHJ.csproj", "{BB2C1EAA-3571-4F96-AD13-E92C55DA641E}"
EndProject
Global
	GlobalSection(SolutionConfigurationPlatforms) = preSolution
		Debug|Any CPU = Debug|Any CPU
		Release|Any CPU = Release|Any CPU
	EndGlobalSection
	GlobalSection(ProjectConfigurationPlatforms) = postSolution
		{BB2C1EAA-3571-4F96-AD13-E92C55DA641E}.Debug|Any CPU.ActiveCfg = Debug|Any CPU
		{BB2C1EAA-3571-4F96-AD13-E92C55DA641E}.Debug|Any CPU.Build.0 = Debug|Any CPU
		{BB2C1EAA-3571-4F96-AD13-E92C55DA641E}.Release|Any CPU.ActiveCfg = Release|Any CPU
		{BB2C1EAA-3571-4F96-AD13-E92C55DA641E}.Release|Any CPU.Build.0 = Release|Any CPU
	EndGlobalSection
	GlobalSection(SolutionProperties) = preSolution
		HideSolutionNode = FALSE
	EndGlobalSection
	GlobalSection(ExtensibilityGlobals) = postSolution
		SolutionGuid = {B3EB18BE-56EE-4396-A9A2-FDAFDD65D90E}
	EndGlobalSection
EndGlobal
